// !$*UTF8*$!
{
	archiveVersion = 1;
	classes = {
	};
	objectVersion = 45;
	objects = {

/* Begin PBXBuildFile section */
		AE17E9C911B5D265004C4DC0 /* FakeResponses.m in Sources */ = {isa = PBXBuildFile; fileRef = AE17E9C811B5D265004C4DC0 /* FakeResponses.m */; };
		AE17EAB011B5E40A004C4DC0 /* FakeHTTPURLResponse.m in Sources */ = {isa = PBXBuildFile; fileRef = AE17EAAF11B5E40A004C4DC0 /* FakeHTTPURLResponse.m */; };
		AE2B9E5E11B9F3F600DC1BF2 /* LogInViewControllerSpec.m in Sources */ = {isa = PBXBuildFile; fileRef = AE2B9E5D11B9F3F600DC1BF2 /* LogInViewControllerSpec.m */; };
		AE2B9E6A11B9F4A900DC1BF2 /* LogInViewController.m in Sources */ = {isa = PBXBuildFile; fileRef = AEBCE80511B9EDBA00CAD25E /* LogInViewController.m */; };
		AE2B9E8A11B9F60100DC1BF2 /* LogInViewController.xib in Resources */ = {isa = PBXBuildFile; fileRef = AEBCE80711B9EDD700CAD25E /* LogInViewController.xib */; };
		AE9C159511B5A47F007BE2ED /* OCMock.framework in Frameworks */ = {isa = PBXBuildFile; fileRef = AE9C159411B5A47F007BE2ED /* OCMock.framework */; };
		AE9C159911B5A48E007BE2ED /* OCHamcrest.framework in Frameworks */ = {isa = PBXBuildFile; fileRef = AE9C159811B5A48E007BE2ED /* OCHamcrest.framework */; };
		AE9C15FE11B5A559007BE2ED /* Cedar.framework in Frameworks */ = {isa = PBXBuildFile; fileRef = AE9C15F011B5A54F007BE2ED /* Cedar.framework */; };
		AE9C160B11B5A69F007BE2ED /* TrackerSpec.m in Sources */ = {isa = PBXBuildFile; fileRef = AE9C160A11B5A69F007BE2ED /* TrackerSpec.m */; };
		AE9C163611B5A785007BE2ED /* libDomain.a in Frameworks */ = {isa = PBXBuildFile; fileRef = AE9C162211B5A747007BE2ED /* libDomain.a */; };
		AE9C163B11B5A7BF007BE2ED /* libDomain.a in Frameworks */ = {isa = PBXBuildFile; fileRef = AE9C162211B5A747007BE2ED /* libDomain.a */; };
		AE9C164A11B5BEAF007BE2ED /* NSURLConnectionDelegate.h in Headers */ = {isa = PBXBuildFile; fileRef = AE9C164911B5BEAF007BE2ED /* NSURLConnectionDelegate.h */; };
		AE9C167F11B5BF43007BE2ED /* Tracker.m in Sources */ = {isa = PBXBuildFile; fileRef = AE9C161C11B5A72A007BE2ED /* Tracker.m */; };
		AE9C168B11B5BF68007BE2ED /* main.m in Sources */ = {isa = PBXBuildFile; fileRef = AE9C168A11B5BF68007BE2ED /* main.m */; };
		AE9C169711B5BFCC007BE2ED /* OCMock.framework in Copy Frameworks */ = {isa = PBXBuildFile; fileRef = AE9C159411B5A47F007BE2ED /* OCMock.framework */; };
		AE9C169811B5BFCC007BE2ED /* OCHamcrest.framework in Copy Frameworks */ = {isa = PBXBuildFile; fileRef = AE9C159811B5A48E007BE2ED /* OCHamcrest.framework */; };
		AE9C169911B5BFCC007BE2ED /* Cedar.framework in Copy Frameworks */ = {isa = PBXBuildFile; fileRef = AE9C15F011B5A54F007BE2ED /* Cedar.framework */; };
		AE9C173C11B5CB16007BE2ED /* NSURLConnection+Spec.m in Sources */ = {isa = PBXBuildFile; fileRef = AE9C173B11B5CB16007BE2ED /* NSURLConnection+Spec.m */; };
		AEA6DD4011B96F98008420CB /* LandingAgentSpec.m in Sources */ = {isa = PBXBuildFile; fileRef = AEA6DD3F11B96F98008420CB /* LandingAgentSpec.m */; };
		AEA6DD8311B97A7D008420CB /* LandingAgent.h in Headers */ = {isa = PBXBuildFile; fileRef = AEA6DD8111B97A7D008420CB /* LandingAgent.h */; };
		AEA6DD8411B97A7D008420CB /* LandingAgent.m in Sources */ = {isa = PBXBuildFile; fileRef = AEA6DD8211B97A7D008420CB /* LandingAgent.m */; };
		AEA6DDAC11B9812C008420CB /* StoryAccepterEnvironment.h in Headers */ = {isa = PBXBuildFile; fileRef = AEA6DDAA11B9812C008420CB /* StoryAccepterEnvironment.h */; };
		AEA6DDAD11B9812C008420CB /* StoryAccepterEnvironment.m in Sources */ = {isa = PBXBuildFile; fileRef = AEA6DDAB11B9812C008420CB /* StoryAccepterEnvironment.m */; };
		AEA6DE8211B98CA9008420CB /* LandingAgentDelegate.h in Headers */ = {isa = PBXBuildFile; fileRef = AEA6DE8111B98CA9008420CB /* LandingAgentDelegate.h */; };
		AEA6E0BF11B9B6D1008420CB /* NSURLConnection+Spec.m in Sources */ = {isa = PBXBuildFile; fileRef = AE9C173B11B5CB16007BE2ED /* NSURLConnection+Spec.m */; };
		AEBAB0EE11B9D9C20085EC6E /* CedarApplicationDelegate.h in Headers */ = {isa = PBXBuildFile; fileRef = AEBAB0ED11B9D9C20085EC6E /* CedarApplicationDelegate.h */; };
		AEBCE80611B9EDBA00CAD25E /* LogInViewController.m in Sources */ = {isa = PBXBuildFile; fileRef = AEBCE80511B9EDBA00CAD25E /* LogInViewController.m */; };
		AEBCE80811B9EDD700CAD25E /* LogInViewController.xib in Resources */ = {isa = PBXBuildFile; fileRef = AEBCE80711B9EDD700CAD25E /* LogInViewController.xib */; };
		AED41B7011B81BC6006DBB00 /* StoryAccepterAppDelegate.m in Sources */ = {isa = PBXBuildFile; fileRef = AED41B6F11B81BC6006DBB00 /* StoryAccepterAppDelegate.m */; };
		AED41B7911B81C2D006DBB00 /* UIKit.framework in Frameworks */ = {isa = PBXBuildFile; fileRef = AED41B7811B81C2D006DBB00 /* UIKit.framework */; };
		AED41C4611B81FBE006DBB00 /* main.m in Sources */ = {isa = PBXBuildFile; fileRef = AED41C4511B81FBE006DBB00 /* main.m */; };
		AED41C7511B82151006DBB00 /* LandingViewController.m in Sources */ = {isa = PBXBuildFile; fileRef = AED41C7311B82151006DBB00 /* LandingViewController.m */; };
		AED41C7B11B821B8006DBB00 /* LandingViewController.xib in Resources */ = {isa = PBXBuildFile; fileRef = AED41C7A11B821B8006DBB00 /* LandingViewController.xib */; };
		AED41DBB11B84C9B006DBB00 /* Foundation.framework in Frameworks */ = {isa = PBXBuildFile; fileRef = 08FB779EFE84155DC02AAC07 /* Foundation.framework */; };
		AED41DBD11B84C9B006DBB00 /* UIKit.framework in Frameworks */ = {isa = PBXBuildFile; fileRef = AED41B7811B81C2D006DBB00 /* UIKit.framework */; };
		AED41DF011B84CEA006DBB00 /* main.m in Sources */ = {isa = PBXBuildFile; fileRef = AED41DEF11B84CEA006DBB00 /* main.m */; };
		AED41F5311B86ADA006DBB00 /* libCedar-iPhone.a in Frameworks */ = {isa = PBXBuildFile; fileRef = AED41F5211B86ADA006DBB00 /* libCedar-iPhone.a */; };
		AED41F6F11B86FA3006DBB00 /* Cedar.h in Headers */ = {isa = PBXBuildFile; fileRef = AED41F6D11B86FA3006DBB00 /* Cedar.h */; };
		AED41F7011B86FA3006DBB00 /* SpecHelper.h in Headers */ = {isa = PBXBuildFile; fileRef = AED41F6E11B86FA3006DBB00 /* SpecHelper.h */; };
		AED41FB611B8728D006DBB00 /* LandingViewControllerSpec.m in Sources */ = {isa = PBXBuildFile; fileRef = AED41FB511B8728D006DBB00 /* LandingViewControllerSpec.m */; };
		AED41FDF11B87583006DBB00 /* PLBlocks.framework in Frameworks */ = {isa = PBXBuildFile; fileRef = AED41FDE11B87583006DBB00 /* PLBlocks.framework */; };
		AED7061511B87E15001A404D /* LandingViewController.m in Sources */ = {isa = PBXBuildFile; fileRef = AED41C7311B82151006DBB00 /* LandingViewController.m */; };
		AED7065611B892CF001A404D /* pivotalchicken.png in Resources */ = {isa = PBXBuildFile; fileRef = AED7065511B892CF001A404D /* pivotalchicken.png */; };
		AED7069A11B89485001A404D /* LandingViewController.xib in Resources */ = {isa = PBXBuildFile; fileRef = AED41C7A11B821B8006DBB00 /* LandingViewController.xib */; };
		AED706EE11B8A280001A404D /* pivotalchicken.png in Resources */ = {isa = PBXBuildFile; fileRef = AED7065511B892CF001A404D /* pivotalchicken.png */; };
		AED8C43D11B87BD1005374AC /* libDomain.a in Frameworks */ = {isa = PBXBuildFile; fileRef = AE9C162211B5A747007BE2ED /* libDomain.a */; };
/* End PBXBuildFile section */

/* Begin PBXContainerItemProxy section */
		AE9C163411B5A781007BE2ED /* PBXContainerItemProxy */ = {
			isa = PBXContainerItemProxy;
			containerPortal = 08FB7793FE84155DC02AAC07 /* Project object */;
			proxyType = 1;
			remoteGlobalIDString = AE9C162111B5A747007BE2ED;
			remoteInfo = Domain;
		};
		AE9C163911B5A7B6007BE2ED /* PBXContainerItemProxy */ = {
			isa = PBXContainerItemProxy;
			containerPortal = 08FB7793FE84155DC02AAC07 /* Project object */;
			proxyType = 1;
			remoteGlobalIDString = AE9C162111B5A747007BE2ED;
			remoteInfo = Domain;
		};
		AED7067211B893B4001A404D /* PBXContainerItemProxy */ = {
			isa = PBXContainerItemProxy;
			containerPortal = 08FB7793FE84155DC02AAC07 /* Project object */;
			proxyType = 1;
			remoteGlobalIDString = AE9C162D11B5A77B007BE2ED;
			remoteInfo = StoryAccepter;
		};
		AED8C43B11B87BCA005374AC /* PBXContainerItemProxy */ = {
			isa = PBXContainerItemProxy;
			containerPortal = 08FB7793FE84155DC02AAC07 /* Project object */;
			proxyType = 1;
			remoteGlobalIDString = AE9C162111B5A747007BE2ED;
			remoteInfo = Domain;
		};
/* End PBXContainerItemProxy section */

/* Begin PBXCopyFilesBuildPhase section */
		AE9C16A011B5BFF5007BE2ED /* Copy Frameworks */ = {
			isa = PBXCopyFilesBuildPhase;
			buildActionMask = 2147483647;
			dstPath = "";
			dstSubfolderSpec = 10;
			files = (
				AE9C169711B5BFCC007BE2ED /* OCMock.framework in Copy Frameworks */,
				AE9C169811B5BFCC007BE2ED /* OCHamcrest.framework in Copy Frameworks */,
				AE9C169911B5BFCC007BE2ED /* Cedar.framework in Copy Frameworks */,
			);
			name = "Copy Frameworks";
			runOnlyForDeploymentPostprocessing = 0;
		};
/* End PBXCopyFilesBuildPhase section */

/* Begin PBXFileReference section */
		08FB779EFE84155DC02AAC07 /* Foundation.framework */ = {isa = PBXFileReference; lastKnownFileType = wrapper.framework; name = Foundation.framework; path = /System/Library/Frameworks/Foundation.framework; sourceTree = "<absolute>"; };
		AE17E9C711B5D265004C4DC0 /* FakeResponses.h */ = {isa = PBXFileReference; fileEncoding = 4; lastKnownFileType = sourcecode.c.h; path = FakeResponses.h; sourceTree = "<group>"; };
		AE17E9C811B5D265004C4DC0 /* FakeResponses.m */ = {isa = PBXFileReference; fileEncoding = 4; lastKnownFileType = sourcecode.c.objc; path = FakeResponses.m; sourceTree = "<group>"; };
		AE17EAAE11B5E40A004C4DC0 /* FakeHTTPURLResponse.h */ = {isa = PBXFileReference; fileEncoding = 4; lastKnownFileType = sourcecode.c.h; path = FakeHTTPURLResponse.h; sourceTree = "<group>"; };
		AE17EAAF11B5E40A004C4DC0 /* FakeHTTPURLResponse.m */ = {isa = PBXFileReference; fileEncoding = 4; lastKnownFileType = sourcecode.c.objc; path = FakeHTTPURLResponse.m; sourceTree = "<group>"; };
		AE17ECA211B6E632004C4DC0 /* 200.txt */ = {isa = PBXFileReference; fileEncoding = 4; lastKnownFileType = text; path = 200.txt; sourceTree = "<group>"; };
		AE2B9E5D11B9F3F600DC1BF2 /* LogInViewControllerSpec.m */ = {isa = PBXFileReference; fileEncoding = 4; lastKnownFileType = sourcecode.c.objc; path = LogInViewControllerSpec.m; sourceTree = "<group>"; };
		AE9C156111B5A286007BE2ED /* DomainSpec */ = {isa = PBXFileReference; includeInIndex = 0; lastKnownFileType = "compiled.mach-o.executable"; path = DomainSpec; sourceTree = BUILT_PRODUCTS_DIR; };
		AE9C159411B5A47F007BE2ED /* OCMock.framework */ = {isa = PBXFileReference; lastKnownFileType = wrapper.framework; name = OCMock.framework; path = "/Users/pivotal/workspace/OCMock 1.55/OCMock.framework"; sourceTree = "<absolute>"; };
		AE9C159811B5A48E007BE2ED /* OCHamcrest.framework */ = {isa = PBXFileReference; lastKnownFileType = wrapper.framework; name = OCHamcrest.framework; path = "/Users/pivotal/workspace/hamcrest-read-only/hamcrest-objectivec/Source/build/Release/OCHamcrest.framework"; sourceTree = "<absolute>"; };
		AE9C15F011B5A54F007BE2ED /* Cedar.framework */ = {isa = PBXFileReference; lastKnownFileType = wrapper.framework; name = Cedar.framework; path = /Users/pivotal/workspace/cedar/build/Release/Cedar.framework; sourceTree = "<absolute>"; };
		AE9C160A11B5A69F007BE2ED /* TrackerSpec.m */ = {isa = PBXFileReference; fileEncoding = 4; lastKnownFileType = sourcecode.c.objc; path = TrackerSpec.m; sourceTree = "<group>"; };
		AE9C161B11B5A72A007BE2ED /* Tracker.h */ = {isa = PBXFileReference; fileEncoding = 4; lastKnownFileType = sourcecode.c.h; path = Tracker.h; sourceTree = "<group>"; };
		AE9C161C11B5A72A007BE2ED /* Tracker.m */ = {isa = PBXFileReference; fileEncoding = 4; lastKnownFileType = sourcecode.c.objc; path = Tracker.m; sourceTree = "<group>"; };
		AE9C162211B5A747007BE2ED /* libDomain.a */ = {isa = PBXFileReference; explicitFileType = archive.ar; includeInIndex = 0; path = libDomain.a; sourceTree = BUILT_PRODUCTS_DIR; };
		AE9C162E11B5A77B007BE2ED /* StoryAccepter.app */ = {isa = PBXFileReference; explicitFileType = wrapper.application; includeInIndex = 0; path = StoryAccepter.app; sourceTree = BUILT_PRODUCTS_DIR; };
		AE9C163011B5A77B007BE2ED /* StoryAccepter-Info.plist */ = {isa = PBXFileReference; lastKnownFileType = text.plist.xml; path = "StoryAccepter-Info.plist"; sourceTree = "<group>"; };
		AE9C164911B5BEAF007BE2ED /* NSURLConnectionDelegate.h */ = {isa = PBXFileReference; fileEncoding = 4; lastKnownFileType = sourcecode.c.h; path = NSURLConnectionDelegate.h; sourceTree = "<group>"; };
		AE9C168A11B5BF68007BE2ED /* main.m */ = {isa = PBXFileReference; fileEncoding = 4; lastKnownFileType = sourcecode.c.objc; path = main.m; sourceTree = "<group>"; };
		AE9C173A11B5CB16007BE2ED /* NSURLConnection+Spec.h */ = {isa = PBXFileReference; fileEncoding = 4; lastKnownFileType = sourcecode.c.h; path = "NSURLConnection+Spec.h"; sourceTree = "<group>"; };
		AE9C173B11B5CB16007BE2ED /* NSURLConnection+Spec.m */ = {isa = PBXFileReference; fileEncoding = 4; lastKnownFileType = sourcecode.c.objc; path = "NSURLConnection+Spec.m"; sourceTree = "<group>"; };
		AE9C174411B5CC6C007BE2ED /* LandingPageSpec.m */ = {isa = PBXFileReference; fileEncoding = 4; lastKnownFileType = sourcecode.c.objc; name = LandingPageSpec.m; path = Spec/Domain/Pages/LandingPageSpec.m; sourceTree = "<group>"; };
		AEA6DD3F11B96F98008420CB /* LandingAgentSpec.m */ = {isa = PBXFileReference; fileEncoding = 4; lastKnownFileType = sourcecode.c.objc; path = LandingAgentSpec.m; sourceTree = "<group>"; };
		AEA6DD8111B97A7D008420CB /* LandingAgent.h */ = {isa = PBXFileReference; fileEncoding = 4; lastKnownFileType = sourcecode.c.h; path = LandingAgent.h; sourceTree = "<group>"; };
		AEA6DD8211B97A7D008420CB /* LandingAgent.m */ = {isa = PBXFileReference; fileEncoding = 4; lastKnownFileType = sourcecode.c.objc; path = LandingAgent.m; sourceTree = "<group>"; };
		AEA6DDAA11B9812C008420CB /* StoryAccepterEnvironment.h */ = {isa = PBXFileReference; fileEncoding = 4; lastKnownFileType = sourcecode.c.h; path = StoryAccepterEnvironment.h; sourceTree = "<group>"; };
		AEA6DDAB11B9812C008420CB /* StoryAccepterEnvironment.m */ = {isa = PBXFileReference; fileEncoding = 4; lastKnownFileType = sourcecode.c.objc; path = StoryAccepterEnvironment.m; sourceTree = "<group>"; };
		AEA6DE8111B98CA9008420CB /* LandingAgentDelegate.h */ = {isa = PBXFileReference; fileEncoding = 4; lastKnownFileType = sourcecode.c.h; path = LandingAgentDelegate.h; sourceTree = "<group>"; };
		AEBAB0ED11B9D9C20085EC6E /* CedarApplicationDelegate.h */ = {isa = PBXFileReference; fileEncoding = 4; lastKnownFileType = sourcecode.c.h; path = CedarApplicationDelegate.h; sourceTree = "<group>"; };
		AEBCE80411B9EDBA00CAD25E /* LogInViewController.h */ = {isa = PBXFileReference; fileEncoding = 4; lastKnownFileType = sourcecode.c.h; path = LogInViewController.h; sourceTree = "<group>"; };
		AEBCE80511B9EDBA00CAD25E /* LogInViewController.m */ = {isa = PBXFileReference; fileEncoding = 4; lastKnownFileType = sourcecode.c.objc; path = LogInViewController.m; sourceTree = "<group>"; };
		AEBCE80711B9EDD700CAD25E /* LogInViewController.xib */ = {isa = PBXFileReference; lastKnownFileType = file.xib; path = LogInViewController.xib; sourceTree = "<group>"; };
		AED41B1F11B81383006DBB00 /* 400.txt */ = {isa = PBXFileReference; fileEncoding = 4; lastKnownFileType = text; path = 400.txt; sourceTree = "<group>"; };
		AED41B6E11B81BC6006DBB00 /* StoryAccepterAppDelegate.h */ = {isa = PBXFileReference; fileEncoding = 4; lastKnownFileType = sourcecode.c.h; path = StoryAccepterAppDelegate.h; sourceTree = "<group>"; };
		AED41B6F11B81BC6006DBB00 /* StoryAccepterAppDelegate.m */ = {isa = PBXFileReference; fileEncoding = 4; lastKnownFileType = sourcecode.c.objc; path = StoryAccepterAppDelegate.m; sourceTree = "<group>"; };
		AED41B7811B81C2D006DBB00 /* UIKit.framework */ = {isa = PBXFileReference; lastKnownFileType = wrapper.framework; name = UIKit.framework; path = System/Library/Frameworks/UIKit.framework; sourceTree = SDKROOT; };
		AED41C4511B81FBE006DBB00 /* main.m */ = {isa = PBXFileReference; fileEncoding = 4; lastKnownFileType = sourcecode.c.objc; path = main.m; sourceTree = "<group>"; };
		AED41C7211B82151006DBB00 /* LandingViewController.h */ = {isa = PBXFileReference; fileEncoding = 4; lastKnownFileType = sourcecode.c.h; path = LandingViewController.h; sourceTree = "<group>"; };
		AED41C7311B82151006DBB00 /* LandingViewController.m */ = {isa = PBXFileReference; fileEncoding = 4; lastKnownFileType = sourcecode.c.objc; path = LandingViewController.m; sourceTree = "<group>"; };
		AED41C7A11B821B8006DBB00 /* LandingViewController.xib */ = {isa = PBXFileReference; lastKnownFileType = file.xib; path = LandingViewController.xib; sourceTree = "<group>"; };
		AED41CCB11B8383F006DBB00 /* NSXMLParserDelegate.h */ = {isa = PBXFileReference; fileEncoding = 4; lastKnownFileType = sourcecode.c.h; path = NSXMLParserDelegate.h; sourceTree = "<group>"; };
		AED41D2D11B84C86006DBB00 /* StoryAccepterSpec.app */ = {isa = PBXFileReference; explicitFileType = wrapper.application; includeInIndex = 0; path = StoryAccepterSpec.app; sourceTree = BUILT_PRODUCTS_DIR; };
		AED41D2F11B84C86006DBB00 /* StoryAccepterSpec-Info.plist */ = {isa = PBXFileReference; lastKnownFileType = text.plist.xml; path = "StoryAccepterSpec-Info.plist"; sourceTree = "<group>"; };
		AED41DEF11B84CEA006DBB00 /* main.m */ = {isa = PBXFileReference; fileEncoding = 4; lastKnownFileType = sourcecode.c.objc; name = main.m; path = Spec/UI/main.m; sourceTree = "<group>"; };
		AED41F5211B86ADA006DBB00 /* libCedar-iPhone.a */ = {isa = PBXFileReference; lastKnownFileType = archive.ar; name = "libCedar-iPhone.a"; path = "/Users/pivotal/workspace/cedar/build/Release-iphonesimulator/libCedar-iPhone.a"; sourceTree = "<absolute>"; };
		AED41F6D11B86FA3006DBB00 /* Cedar.h */ = {isa = PBXFileReference; fileEncoding = 4; lastKnownFileType = sourcecode.c.h; path = Cedar.h; sourceTree = "<group>"; };
		AED41F6E11B86FA3006DBB00 /* SpecHelper.h */ = {isa = PBXFileReference; fileEncoding = 4; lastKnownFileType = sourcecode.c.h; path = SpecHelper.h; sourceTree = "<group>"; };
		AED41FB511B8728D006DBB00 /* LandingViewControllerSpec.m */ = {isa = PBXFileReference; fileEncoding = 4; lastKnownFileType = sourcecode.c.objc; path = LandingViewControllerSpec.m; sourceTree = "<group>"; };
		AED41FBD11B87344006DBB00 /* CDRExampleBase.h */ = {isa = PBXFileReference; fileEncoding = 4; lastKnownFileType = sourcecode.c.h; path = CDRExampleBase.h; sourceTree = "<group>"; };
		AED41FBE11B87344006DBB00 /* CDRSpec.h */ = {isa = PBXFileReference; fileEncoding = 4; lastKnownFileType = sourcecode.c.h; path = CDRSpec.h; sourceTree = "<group>"; };
		AED41FDE11B87583006DBB00 /* PLBlocks.framework */ = {isa = PBXFileReference; lastKnownFileType = wrapper.framework; path = PLBlocks.framework; sourceTree = "<group>"; };
		AED7065511B892CF001A404D /* pivotalchicken.png */ = {isa = PBXFileReference; lastKnownFileType = image.png; path = pivotalchicken.png; sourceTree = "<group>"; };
		AEF6DDED11B7221B00F691B8 /* 200.txt */ = {isa = PBXFileReference; fileEncoding = 4; lastKnownFileType = text; path = 200.txt; sourceTree = "<group>"; };
/* End PBXFileReference section */

/* Begin PBXFrameworksBuildPhase section */
		AE9C155F11B5A286007BE2ED /* Frameworks */ = {
			isa = PBXFrameworksBuildPhase;
			buildActionMask = 2147483647;
			files = (
				AE9C15FE11B5A559007BE2ED /* Cedar.framework in Frameworks */,
				AE9C159511B5A47F007BE2ED /* OCMock.framework in Frameworks */,
				AE9C159911B5A48E007BE2ED /* OCHamcrest.framework in Frameworks */,
				AE9C163B11B5A7BF007BE2ED /* libDomain.a in Frameworks */,
			);
			runOnlyForDeploymentPostprocessing = 0;
		};
		AE9C162011B5A747007BE2ED /* Frameworks */ = {
			isa = PBXFrameworksBuildPhase;
			buildActionMask = 2147483647;
			files = (
			);
			runOnlyForDeploymentPostprocessing = 0;
		};
		AE9C162C11B5A77B007BE2ED /* Frameworks */ = {
			isa = PBXFrameworksBuildPhase;
			buildActionMask = 2147483647;
			files = (
				AE9C163611B5A785007BE2ED /* libDomain.a in Frameworks */,
				AED41B7911B81C2D006DBB00 /* UIKit.framework in Frameworks */,
			);
			runOnlyForDeploymentPostprocessing = 0;
		};
		AED41D2B11B84C86006DBB00 /* Frameworks */ = {
			isa = PBXFrameworksBuildPhase;
			buildActionMask = 2147483647;
			files = (
				AED41DBB11B84C9B006DBB00 /* Foundation.framework in Frameworks */,
				AED41DBD11B84C9B006DBB00 /* UIKit.framework in Frameworks */,
				AED41F5311B86ADA006DBB00 /* libCedar-iPhone.a in Frameworks */,
				AED41FDF11B87583006DBB00 /* PLBlocks.framework in Frameworks */,
				AED8C43D11B87BD1005374AC /* libDomain.a in Frameworks */,
			);
			runOnlyForDeploymentPostprocessing = 0;
		};
/* End PBXFrameworksBuildPhase section */

/* Begin PBXGroup section */
		08FB7794FE84155DC02AAC07 /* Accepter */ = {
			isa = PBXGroup;
			children = (
				AE9C15FF11B5A569007BE2ED /* App */,
				AE9C160011B5A56F007BE2ED /* Spec */,
				08FB779DFE84155DC02AAC07 /* Frameworks and Libraries */,
				1AB674ADFE9D54B511CA2CBB /* Products */,
				AE9C163011B5A77B007BE2ED /* StoryAccepter-Info.plist */,
				AED41D2F11B84C86006DBB00 /* StoryAccepterSpec-Info.plist */,
			);
			name = Accepter;
			sourceTree = "<group>";
		};
		08FB779DFE84155DC02AAC07 /* Frameworks and Libraries */ = {
			isa = PBXGroup;
			children = (
				AED41FDE11B87583006DBB00 /* PLBlocks.framework */,
				AED41F5211B86ADA006DBB00 /* libCedar-iPhone.a */,
				AE9C159411B5A47F007BE2ED /* OCMock.framework */,
				AE9C159811B5A48E007BE2ED /* OCHamcrest.framework */,
				08FB779EFE84155DC02AAC07 /* Foundation.framework */,
				AE9C15F011B5A54F007BE2ED /* Cedar.framework */,
				AED41B7811B81C2D006DBB00 /* UIKit.framework */,
			);
			name = "Frameworks and Libraries";
			sourceTree = "<group>";
		};
		1AB674ADFE9D54B511CA2CBB /* Products */ = {
			isa = PBXGroup;
			children = (
				AE9C156111B5A286007BE2ED /* DomainSpec */,
				AE9C162211B5A747007BE2ED /* libDomain.a */,
				AE9C162E11B5A77B007BE2ED /* StoryAccepter.app */,
				AED41D2D11B84C86006DBB00 /* StoryAccepterSpec.app */,
			);
			name = Products;
			sourceTree = "<group>";
		};
		AE17EAFF11B5EF91004C4DC0 /* Fixtures */ = {
			isa = PBXGroup;
			children = (
				AE17ECA011B6E632004C4DC0 /* FakeResponses */,
			);
			name = Fixtures;
			sourceTree = "<group>";
		};
		AE17ECA011B6E632004C4DC0 /* FakeResponses */ = {
			isa = PBXGroup;
			children = (
				AE17ECA111B6E632004C4DC0 /* LogIn */,
				AEF6DDEC11B7221300F691B8 /* GetProjects */,
			);
			name = FakeResponses;
			path = Spec/Fixtures/FakeResponses;
			sourceTree = "<group>";
		};
		AE17ECA111B6E632004C4DC0 /* LogIn */ = {
			isa = PBXGroup;
			children = (
				AE17ECA211B6E632004C4DC0 /* 200.txt */,
				AED41B1F11B81383006DBB00 /* 400.txt */,
			);
			path = LogIn;
			sourceTree = "<group>";
		};
		AE9C15FF11B5A569007BE2ED /* App */ = {
			isa = PBXGroup;
			children = (
				AE9C160511B5A5C1007BE2ED /* UI */,
				AE9C160411B5A5BC007BE2ED /* Domain */,
			);
			path = App;
			sourceTree = "<group>";
		};
		AE9C160011B5A56F007BE2ED /* Spec */ = {
			isa = PBXGroup;
			children = (
				AE9C160311B5A5B6007BE2ED /* UI */,
				AE9C160211B5A5A3007BE2ED /* Domain */,
				AE9C173911B5CB16007BE2ED /* SpecHelpers */,
				AE17EAFF11B5EF91004C4DC0 /* Fixtures */,
			);
			name = Spec;
			sourceTree = "<group>";
		};
		AE9C160211B5A5A3007BE2ED /* Domain */ = {
			isa = PBXGroup;
			children = (
				AEA6DD3D11B96F71008420CB /* Agents */,
				AE9C160611B5A5C6007BE2ED /* Interfaces */,
				AE9C174311B5CC40007BE2ED /* Pages */,
				AE9C168A11B5BF68007BE2ED /* main.m */,
			);
			name = Domain;
			path = Spec/Domain;
			sourceTree = "<group>";
		};
		AE9C160311B5A5B6007BE2ED /* UI */ = {
			isa = PBXGroup;
			children = (
				AED41FB411B87271006DBB00 /* Controllers */,
				AED41F6B11B86F8C006DBB00 /* Cedar */,
				AED41DEF11B84CEA006DBB00 /* main.m */,
			);
			name = UI;
			sourceTree = "<group>";
		};
		AE9C160411B5A5BC007BE2ED /* Domain */ = {
			isa = PBXGroup;
			children = (
				AEA6DD8011B979E3008420CB /* Agents */,
				AED41CCA11B83800006DBB00 /* Extensions */,
				AE9C160711B5A5D1007BE2ED /* Interfaces */,
				AEA6DDAA11B9812C008420CB /* StoryAccepterEnvironment.h */,
				AEA6DDAB11B9812C008420CB /* StoryAccepterEnvironment.m */,
			);
			path = Domain;
			sourceTree = "<group>";
		};
		AE9C160511B5A5C1007BE2ED /* UI */ = {
			isa = PBXGroup;
			children = (
				AED41C7711B82155006DBB00 /* Controllers */,
				AED41B6E11B81BC6006DBB00 /* StoryAccepterAppDelegate.h */,
				AED41B6F11B81BC6006DBB00 /* StoryAccepterAppDelegate.m */,
				AED41C4511B81FBE006DBB00 /* main.m */,
				AED41C7911B821B8006DBB00 /* Resources */,
			);
			path = UI;
			sourceTree = "<group>";
		};
		AE9C160611B5A5C6007BE2ED /* Interfaces */ = {
			isa = PBXGroup;
			children = (
				AE9C160A11B5A69F007BE2ED /* TrackerSpec.m */,
			);
			path = Interfaces;
			sourceTree = "<group>";
		};
		AE9C160711B5A5D1007BE2ED /* Interfaces */ = {
			isa = PBXGroup;
			children = (
				AE9C164911B5BEAF007BE2ED /* NSURLConnectionDelegate.h */,
				AE9C161B11B5A72A007BE2ED /* Tracker.h */,
				AE9C161C11B5A72A007BE2ED /* Tracker.m */,
			);
			path = Interfaces;
			sourceTree = "<group>";
		};
		AE9C173911B5CB16007BE2ED /* SpecHelpers */ = {
			isa = PBXGroup;
			children = (
				AE9C173A11B5CB16007BE2ED /* NSURLConnection+Spec.h */,
				AE9C173B11B5CB16007BE2ED /* NSURLConnection+Spec.m */,
				AE17E9C711B5D265004C4DC0 /* FakeResponses.h */,
				AE17E9C811B5D265004C4DC0 /* FakeResponses.m */,
				AE17EAAE11B5E40A004C4DC0 /* FakeHTTPURLResponse.h */,
				AE17EAAF11B5E40A004C4DC0 /* FakeHTTPURLResponse.m */,
			);
			name = SpecHelpers;
			path = Spec/SpecHelpers;
			sourceTree = "<group>";
		};
		AE9C174311B5CC40007BE2ED /* Pages */ = {
			isa = PBXGroup;
			children = (
				AE9C174411B5CC6C007BE2ED /* LandingPageSpec.m */,
			);
			name = Pages;
			sourceTree = "<group>";
		};
		AEA6DD3D11B96F71008420CB /* Agents */ = {
			isa = PBXGroup;
			children = (
				AEA6DD3F11B96F98008420CB /* LandingAgentSpec.m */,
			);
			path = Agents;
			sourceTree = "<group>";
		};
		AEA6DD8011B979E3008420CB /* Agents */ = {
			isa = PBXGroup;
			children = (
				AEA6DD8111B97A7D008420CB /* LandingAgent.h */,
				AEA6DD8211B97A7D008420CB /* LandingAgent.m */,
				AEA6DE8111B98CA9008420CB /* LandingAgentDelegate.h */,
			);
			path = Agents;
			sourceTree = "<group>";
		};
		AED41C7711B82155006DBB00 /* Controllers */ = {
			isa = PBXGroup;
			children = (
				AED41C7211B82151006DBB00 /* LandingViewController.h */,
				AED41C7311B82151006DBB00 /* LandingViewController.m */,
				AEBCE80411B9EDBA00CAD25E /* LogInViewController.h */,
				AEBCE80511B9EDBA00CAD25E /* LogInViewController.m */,
			);
			path = Controllers;
			sourceTree = "<group>";
		};
		AED41C7911B821B8006DBB00 /* Resources */ = {
			isa = PBXGroup;
			children = (
				AED7065511B892CF001A404D /* pivotalchicken.png */,
				AED41C7A11B821B8006DBB00 /* LandingViewController.xib */,
				AEBCE80711B9EDD700CAD25E /* LogInViewController.xib */,
			);
			path = Resources;
			sourceTree = "<group>";
		};
		AED41CCA11B83800006DBB00 /* Extensions */ = {
			isa = PBXGroup;
			children = (
				AED41CCB11B8383F006DBB00 /* NSXMLParserDelegate.h */,
			);
			path = Extensions;
			sourceTree = "<group>";
		};
		AED41F6B11B86F8C006DBB00 /* Cedar */ = {
			isa = PBXGroup;
			children = (
				AED41F6C11B86F8C006DBB00 /* Headers */,
			);
			name = Cedar;
			path = Spec/UI/Cedar;
			sourceTree = "<group>";
		};
		AED41F6C11B86F8C006DBB00 /* Headers */ = {
			isa = PBXGroup;
			children = (
				AEBAB0ED11B9D9C20085EC6E /* CedarApplicationDelegate.h */,
				AED41FBD11B87344006DBB00 /* CDRExampleBase.h */,
				AED41FBE11B87344006DBB00 /* CDRSpec.h */,
				AED41F6D11B86FA3006DBB00 /* Cedar.h */,
				AED41F6E11B86FA3006DBB00 /* SpecHelper.h */,
			);
			path = Headers;
			sourceTree = "<group>";
		};
		AED41FB411B87271006DBB00 /* Controllers */ = {
			isa = PBXGroup;
			children = (
				AED41FB511B8728D006DBB00 /* LandingViewControllerSpec.m */,
				AE2B9E5D11B9F3F600DC1BF2 /* LogInViewControllerSpec.m */,
			);
			name = Controllers;
			path = Spec/UI/Controllers;
			sourceTree = "<group>";
		};
		AEF6DDEC11B7221300F691B8 /* GetProjects */ = {
			isa = PBXGroup;
			children = (
				AEF6DDED11B7221B00F691B8 /* 200.txt */,
			);
			path = GetProjects;
			sourceTree = "<group>";
		};
/* End PBXGroup section */

/* Begin PBXHeadersBuildPhase section */
		AE9C161E11B5A747007BE2ED /* Headers */ = {
			isa = PBXHeadersBuildPhase;
			buildActionMask = 2147483647;
			files = (
				AE9C164A11B5BEAF007BE2ED /* NSURLConnectionDelegate.h in Headers */,
				AEA6DD8311B97A7D008420CB /* LandingAgent.h in Headers */,
				AEA6DDAC11B9812C008420CB /* StoryAccepterEnvironment.h in Headers */,
				AEA6DE8211B98CA9008420CB /* LandingAgentDelegate.h in Headers */,
			);
			runOnlyForDeploymentPostprocessing = 0;
		};
		AED41F5711B86B10006DBB00 /* Headers */ = {
			isa = PBXHeadersBuildPhase;
			buildActionMask = 2147483647;
			files = (
				AED41F6F11B86FA3006DBB00 /* Cedar.h in Headers */,
				AED41F7011B86FA3006DBB00 /* SpecHelper.h in Headers */,
				AEBAB0EE11B9D9C20085EC6E /* CedarApplicationDelegate.h in Headers */,
			);
			runOnlyForDeploymentPostprocessing = 0;
		};
/* End PBXHeadersBuildPhase section */

/* Begin PBXNativeTarget section */
		AE9C156011B5A286007BE2ED /* DomainSpec */ = {
			isa = PBXNativeTarget;
			buildConfigurationList = AE9C156711B5A2A1007BE2ED /* Build configuration list for PBXNativeTarget "DomainSpec" */;
			buildPhases = (
				AE9C155E11B5A286007BE2ED /* Sources */,
				AE9C155F11B5A286007BE2ED /* Frameworks */,
				AE9C16A011B5BFF5007BE2ED /* Copy Frameworks */,
			);
			buildRules = (
			);
			dependencies = (
				AE9C163A11B5A7B6007BE2ED /* PBXTargetDependency */,
			);
			name = DomainSpec;
			productName = DomainSpec;
			productReference = AE9C156111B5A286007BE2ED /* DomainSpec */;
			productType = "com.apple.product-type.tool";
		};
		AE9C162111B5A747007BE2ED /* Domain */ = {
			isa = PBXNativeTarget;
			buildConfigurationList = AE9C162911B5A755007BE2ED /* Build configuration list for PBXNativeTarget "Domain" */;
			buildPhases = (
				AE9C161E11B5A747007BE2ED /* Headers */,
				AE9C161F11B5A747007BE2ED /* Sources */,
				AE9C162011B5A747007BE2ED /* Frameworks */,
			);
			buildRules = (
			);
			dependencies = (
			);
			name = Domain;
			productName = Domain;
			productReference = AE9C162211B5A747007BE2ED /* libDomain.a */;
			productType = "com.apple.product-type.library.static";
		};
		AE9C162D11B5A77B007BE2ED /* StoryAccepter */ = {
			isa = PBXNativeTarget;
			buildConfigurationList = AE9C163311B5A77C007BE2ED /* Build configuration list for PBXNativeTarget "StoryAccepter" */;
			buildPhases = (
				AE9C162A11B5A77B007BE2ED /* Resources */,
				AE9C162B11B5A77B007BE2ED /* Sources */,
				AE9C162C11B5A77B007BE2ED /* Frameworks */,
			);
			buildRules = (
			);
			dependencies = (
				AE9C163511B5A781007BE2ED /* PBXTargetDependency */,
			);
			name = StoryAccepter;
			productName = Accepter;
			productReference = AE9C162E11B5A77B007BE2ED /* StoryAccepter.app */;
			productType = "com.apple.product-type.application";
		};
		AED41D2C11B84C86006DBB00 /* StoryAccepterSpec */ = {
			isa = PBXNativeTarget;
			buildConfigurationList = AED41D3211B84C87006DBB00 /* Build configuration list for PBXNativeTarget "StoryAccepterSpec" */;
			buildPhases = (
				AED41D2911B84C86006DBB00 /* Resources */,
				AED41D2A11B84C86006DBB00 /* Sources */,
				AED41D2B11B84C86006DBB00 /* Frameworks */,
				AED41F5711B86B10006DBB00 /* Headers */,
			);
			buildRules = (
			);
			dependencies = (
				AED8C43C11B87BCA005374AC /* PBXTargetDependency */,
				AED7067311B893B4001A404D /* PBXTargetDependency */,
			);
			name = StoryAccepterSpec;
			productName = StoryAccepterSpec;
			productReference = AED41D2D11B84C86006DBB00 /* StoryAccepterSpec.app */;
			productType = "com.apple.product-type.application";
		};
/* End PBXNativeTarget section */

/* Begin PBXProject section */
		08FB7793FE84155DC02AAC07 /* Project object */ = {
			isa = PBXProject;
			buildConfigurationList = 1DEB927808733DD40010E9CD /* Build configuration list for PBXProject "StoryAccepter" */;
			compatibilityVersion = "Xcode 3.1";
			hasScannedForEncodings = 1;
			mainGroup = 08FB7794FE84155DC02AAC07 /* Accepter */;
			projectDirPath = "";
			projectRoot = "";
			targets = (
				AED41D2C11B84C86006DBB00 /* StoryAccepterSpec */,
				AE9C162D11B5A77B007BE2ED /* StoryAccepter */,
				AE9C156011B5A286007BE2ED /* DomainSpec */,
				AE9C162111B5A747007BE2ED /* Domain */,
			);
		};
/* End PBXProject section */

/* Begin PBXResourcesBuildPhase section */
		AE9C162A11B5A77B007BE2ED /* Resources */ = {
			isa = PBXResourcesBuildPhase;
			buildActionMask = 2147483647;
			files = (
				AED41C7B11B821B8006DBB00 /* LandingViewController.xib in Resources */,
				AED7065611B892CF001A404D /* pivotalchicken.png in Resources */,
				AEBCE80811B9EDD700CAD25E /* LogInViewController.xib in Resources */,
			);
			runOnlyForDeploymentPostprocessing = 0;
		};
		AED41D2911B84C86006DBB00 /* Resources */ = {
			isa = PBXResourcesBuildPhase;
			buildActionMask = 2147483647;
			files = (
				AED7069A11B89485001A404D /* LandingViewController.xib in Resources */,
				AED706EE11B8A280001A404D /* pivotalchicken.png in Resources */,
				AE2B9E8A11B9F60100DC1BF2 /* LogInViewController.xib in Resources */,
			);
			runOnlyForDeploymentPostprocessing = 0;
		};
/* End PBXResourcesBuildPhase section */

/* Begin PBXSourcesBuildPhase section */
		AE9C155E11B5A286007BE2ED /* Sources */ = {
			isa = PBXSourcesBuildPhase;
			buildActionMask = 2147483647;
			files = (
				AE9C160B11B5A69F007BE2ED /* TrackerSpec.m in Sources */,
				AE9C168B11B5BF68007BE2ED /* main.m in Sources */,
				AE9C173C11B5CB16007BE2ED /* NSURLConnection+Spec.m in Sources */,
				AE17E9C911B5D265004C4DC0 /* FakeResponses.m in Sources */,
				AE17EAB011B5E40A004C4DC0 /* FakeHTTPURLResponse.m in Sources */,
				AEA6DD4011B96F98008420CB /* LandingAgentSpec.m in Sources */,
			);
			runOnlyForDeploymentPostprocessing = 0;
		};
		AE9C161F11B5A747007BE2ED /* Sources */ = {
			isa = PBXSourcesBuildPhase;
			buildActionMask = 2147483647;
			files = (
				AE9C167F11B5BF43007BE2ED /* Tracker.m in Sources */,
				AEA6DD8411B97A7D008420CB /* LandingAgent.m in Sources */,
				AEA6DDAD11B9812C008420CB /* StoryAccepterEnvironment.m in Sources */,
			);
			runOnlyForDeploymentPostprocessing = 0;
		};
		AE9C162B11B5A77B007BE2ED /* Sources */ = {
			isa = PBXSourcesBuildPhase;
			buildActionMask = 2147483647;
			files = (
				AED41B7011B81BC6006DBB00 /* StoryAccepterAppDelegate.m in Sources */,
				AED41C4611B81FBE006DBB00 /* main.m in Sources */,
				AED41C7511B82151006DBB00 /* LandingViewController.m in Sources */,
				AEBCE80611B9EDBA00CAD25E /* LogInViewController.m in Sources */,
			);
			runOnlyForDeploymentPostprocessing = 0;
		};
		AED41D2A11B84C86006DBB00 /* Sources */ = {
			isa = PBXSourcesBuildPhase;
			buildActionMask = 2147483647;
			files = (
				AED41DF011B84CEA006DBB00 /* main.m in Sources */,
				AED41FB611B8728D006DBB00 /* LandingViewControllerSpec.m in Sources */,
				AED7061511B87E15001A404D /* LandingViewController.m in Sources */,
				AEA6E0BF11B9B6D1008420CB /* NSURLConnection+Spec.m in Sources */,
				AE2B9E5E11B9F3F600DC1BF2 /* LogInViewControllerSpec.m in Sources */,
				AE2B9E6A11B9F4A900DC1BF2 /* LogInViewController.m in Sources */,
			);
			runOnlyForDeploymentPostprocessing = 0;
		};
/* End PBXSourcesBuildPhase section */

/* Begin PBXTargetDependency section */
		AE9C163511B5A781007BE2ED /* PBXTargetDependency */ = {
			isa = PBXTargetDependency;
			target = AE9C162111B5A747007BE2ED /* Domain */;
			targetProxy = AE9C163411B5A781007BE2ED /* PBXContainerItemProxy */;
		};
		AE9C163A11B5A7B6007BE2ED /* PBXTargetDependency */ = {
			isa = PBXTargetDependency;
			target = AE9C162111B5A747007BE2ED /* Domain */;
			targetProxy = AE9C163911B5A7B6007BE2ED /* PBXContainerItemProxy */;
		};
		AED7067311B893B4001A404D /* PBXTargetDependency */ = {
			isa = PBXTargetDependency;
			target = AE9C162D11B5A77B007BE2ED /* StoryAccepter */;
			targetProxy = AED7067211B893B4001A404D /* PBXContainerItemProxy */;
		};
		AED8C43C11B87BCA005374AC /* PBXTargetDependency */ = {
			isa = PBXTargetDependency;
			target = AE9C162111B5A747007BE2ED /* Domain */;
			targetProxy = AED8C43B11B87BCA005374AC /* PBXContainerItemProxy */;
		};
/* End PBXTargetDependency section */

/* Begin XCBuildConfiguration section */
		1DEB927908733DD40010E9CD /* Debug */ = {
			isa = XCBuildConfiguration;
			buildSettings = {
				ARCHS = "$(ARCHS_STANDARD_32_64_BIT)";
				GCC_C_LANGUAGE_STANDARD = gnu99;
				GCC_OPTIMIZATION_LEVEL = 0;
				GCC_WARN_ABOUT_RETURN_TYPE = YES;
				GCC_WARN_UNUSED_VARIABLE = YES;
				ONLY_ACTIVE_ARCH = YES;
				PREBINDING = NO;
				SDKROOT = macosx10.6;
			};
			name = Debug;
		};
		1DEB927A08733DD40010E9CD /* Release */ = {
			isa = XCBuildConfiguration;
			buildSettings = {
				ARCHS = "$(ARCHS_STANDARD_32_64_BIT)";
				GCC_C_LANGUAGE_STANDARD = gnu99;
				GCC_WARN_ABOUT_RETURN_TYPE = YES;
				GCC_WARN_UNUSED_VARIABLE = YES;
				PREBINDING = NO;
				SDKROOT = macosx10.6;
			};
			name = Release;
		};
		AE9C156311B5A286007BE2ED /* Debug */ = {
			isa = XCBuildConfiguration;
			buildSettings = {
				ALWAYS_SEARCH_USER_PATHS = NO;
				COPY_PHASE_STRIP = NO;
				FRAMEWORK_SEARCH_PATHS = (
					"$(inherited)",
					"\"$(SRCROOT)/../OCMock 1.55\"",
					"\"$(SRCROOT)/../hamcrest-read-only/hamcrest-objectivec/Source/build/Release\"",
					"\"$(SRCROOT)/../cedar/build/Release\"",
				);
				GCC_DYNAMIC_NO_PIC = NO;
				GCC_ENABLE_FIX_AND_CONTINUE = YES;
				GCC_MODEL_TUNING = G5;
				GCC_OPTIMIZATION_LEVEL = 0;
				GCC_PRECOMPILE_PREFIX_HEADER = YES;
				GCC_PREFIX_HEADER = "";
				INSTALL_PATH = /usr/local/bin;
				OTHER_LDFLAGS = (
					"-framework",
					Foundation,
				);
				PREBINDING = NO;
				PRODUCT_NAME = DomainSpec;
			};
			name = Debug;
		};
		AE9C156411B5A286007BE2ED /* Release */ = {
			isa = XCBuildConfiguration;
			buildSettings = {
				ALWAYS_SEARCH_USER_PATHS = NO;
				COPY_PHASE_STRIP = YES;
				DEBUG_INFORMATION_FORMAT = "dwarf-with-dsym";
				FRAMEWORK_SEARCH_PATHS = (
					"$(inherited)",
					"\"$(SRCROOT)/../OCMock 1.55\"",
					"\"$(SRCROOT)/../hamcrest-read-only/hamcrest-objectivec/Source/build/Release\"",
					"\"$(SRCROOT)/../cedar/build/Release\"",
				);
				GCC_ENABLE_FIX_AND_CONTINUE = NO;
				GCC_MODEL_TUNING = G5;
				GCC_PRECOMPILE_PREFIX_HEADER = YES;
				GCC_PREFIX_HEADER = "";
				INSTALL_PATH = /usr/local/bin;
				OTHER_LDFLAGS = (
					"-framework",
					Foundation,
				);
				PREBINDING = NO;
				PRODUCT_NAME = DomainSpec;
				ZERO_LINK = NO;
			};
			name = Release;
		};
		AE9C162311B5A747007BE2ED /* Debug */ = {
			isa = XCBuildConfiguration;
			buildSettings = {
				ALWAYS_SEARCH_USER_PATHS = NO;
				COPY_PHASE_STRIP = NO;
				GCC_DYNAMIC_NO_PIC = NO;
				GCC_OPTIMIZATION_LEVEL = 0;
				PREBINDING = NO;
				PRODUCT_NAME = Domain;
			};
			name = Debug;
		};
		AE9C162411B5A747007BE2ED /* Release */ = {
			isa = XCBuildConfiguration;
			buildSettings = {
				ALWAYS_SEARCH_USER_PATHS = NO;
				COPY_PHASE_STRIP = YES;
				DEBUG_INFORMATION_FORMAT = "dwarf-with-dsym";
				GCC_ENABLE_FIX_AND_CONTINUE = NO;
				PREBINDING = NO;
				PRODUCT_NAME = Domain;
				ZERO_LINK = NO;
			};
			name = Release;
		};
		AE9C163111B5A77C007BE2ED /* Debug */ = {
			isa = XCBuildConfiguration;
			buildSettings = {
				ALWAYS_SEARCH_USER_PATHS = NO;
				ARCHS = "$(ARCHS_STANDARD_32_BIT)";
				CODE_SIGN_IDENTITY = "iPhone Developer";
				COPY_PHASE_STRIP = NO;
				GCC_DYNAMIC_NO_PIC = NO;
				GCC_OPTIMIZATION_LEVEL = 0;
				GCC_PRECOMPILE_PREFIX_HEADER = YES;
				GCC_PREFIX_HEADER = "$(SYSTEM_LIBRARY_DIR)/Frameworks/UIKit.framework/Headers/UIKit.h";
				INFOPLIST_FILE = "StoryAccepter-Info.plist";
				INSTALL_PATH = "$(HOME)/Applications";
				LIBRARY_SEARCH_PATHS = (
					"$(inherited)",
					"\"$(SRCROOT)/build/Debug\"",
				);
				OTHER_LDFLAGS = (
					"-framework",
					Foundation,
					"-framework",
					UIKit,
				);
				PREBINDING = NO;
				PRODUCT_NAME = StoryAccepter;
				SDKROOT = iphonesimulator3.1.3;
			};
			name = Debug;
		};
		AE9C163211B5A77C007BE2ED /* Release */ = {
			isa = XCBuildConfiguration;
			buildSettings = {
				ALWAYS_SEARCH_USER_PATHS = NO;
				ARCHS = "$(ARCHS_STANDARD_32_BIT)";
				CODE_SIGN_IDENTITY = "iPhone Developer";
				COPY_PHASE_STRIP = YES;
				DEBUG_INFORMATION_FORMAT = "dwarf-with-dsym";
				GCC_ENABLE_FIX_AND_CONTINUE = NO;
				GCC_PRECOMPILE_PREFIX_HEADER = YES;
				GCC_PREFIX_HEADER = "$(SYSTEM_LIBRARY_DIR)/Frameworks/UIKit.framework/Headers/UIKit.h";
				INFOPLIST_FILE = "StoryAccepter-Info.plist";
				INSTALL_PATH = "$(HOME)/Applications";
				LIBRARY_SEARCH_PATHS = (
					"$(inherited)",
					"\"$(SRCROOT)/build/Debug\"",
				);
				OTHER_LDFLAGS = (
					"-framework",
					Foundation,
					"-framework",
					UIKit,
				);
				PREBINDING = NO;
				PRODUCT_NAME = StoryAccepter;
				SDKROOT = iphonesimulator3.1.3;
				ZERO_LINK = NO;
			};
			name = Release;
		};
		AED41D3011B84C87006DBB00 /* Debug */ = {
			isa = XCBuildConfiguration;
			buildSettings = {
				ALWAYS_SEARCH_USER_PATHS = NO;
				ARCHS = "$(ARCHS_STANDARD_32_BIT)";
				CODE_SIGN_IDENTITY = "iPhone Developer";
				COPY_PHASE_STRIP = NO;
				FRAMEWORK_SEARCH_PATHS = (
					"$(inherited)",
					"\"$(SRCROOT)/../cedar/build/Release\"",
					"\"$(SRCROOT)/../OCMock 1.55\"",
					"\"$(SRCROOT)/../hamcrest-read-only/hamcrest-objectivec/Source/build/Release\"",
					"\"$(SRCROOT)\"",
				);
				GCC_DYNAMIC_NO_PIC = NO;
				GCC_OPTIMIZATION_LEVEL = 0;
				GCC_PRECOMPILE_PREFIX_HEADER = YES;
				GCC_PREFIX_HEADER = "$(SYSTEM_LIBRARY_DIR)/Frameworks/UIKit.framework/Headers/UIKit.h";
				GCC_VERSION = coop.plausible.blocks.compilers.gcc.4_2;
				INFOPLIST_FILE = "StoryAccepterSpec-Info.plist";
				INSTALL_PATH = "$(HOME)/Applications";
				IPHONEOS_DEPLOYMENT_TARGET = 3.1.3;
				LIBRARY_SEARCH_PATHS = (
					"$(inherited)",
					"\"$(SRCROOT)/../cedar/build/Release-iphonesimulator\"",
				);
				OTHER_LDFLAGS = (
					"-framework",
					Foundation,
					"-framework",
					UIKit,
				);
				PREBINDING = NO;
				PRODUCT_NAME = StoryAccepterSpec;
				SDKROOT = iphonesimulator3.1.3;
			};
			name = Debug;
		};
		AED41D3111B84C87006DBB00 /* Release */ = {
			isa = XCBuildConfiguration;
			buildSettings = {
				ALWAYS_SEARCH_USER_PATHS = NO;
				ARCHS = "$(ARCHS_STANDARD_32_BIT)";
				CODE_SIGN_IDENTITY = "iPhone Developer";
				COPY_PHASE_STRIP = YES;
				DEBUG_INFORMATION_FORMAT = "dwarf-with-dsym";
				FRAMEWORK_SEARCH_PATHS = (
					"$(inherited)",
					"\"$(SRCROOT)/../cedar/build/Release\"",
					"\"$(SRCROOT)/../OCMock 1.55\"",
					"\"$(SRCROOT)/../hamcrest-read-only/hamcrest-objectivec/Source/build/Release\"",
					"\"$(SRCROOT)\"",
				);
				GCC_ENABLE_FIX_AND_CONTINUE = NO;
				GCC_PRECOMPILE_PREFIX_HEADER = YES;
				GCC_PREFIX_HEADER = "$(SYSTEM_LIBRARY_DIR)/Frameworks/UIKit.framework/Headers/UIKit.h";
				GCC_VERSION = coop.plausible.blocks.compilers.gcc.4_2;
				INFOPLIST_FILE = "StoryAccepterSpec-Info.plist";
				INSTALL_PATH = "$(HOME)/Applications";
				IPHONEOS_DEPLOYMENT_TARGET = 3.1.3;
				LIBRARY_SEARCH_PATHS = (
					"$(inherited)",
					"\"$(SRCROOT)/../cedar/build/Release-iphonesimulator\"",
				);
				OTHER_LDFLAGS = (
					"-framework",
					Foundation,
					"-framework",
					UIKit,
				);
				PREBINDING = NO;
				PRODUCT_NAME = StoryAccepterSpec;
				SDKROOT = iphonesimulator3.1.3;
				ZERO_LINK = NO;
			};
			name = Release;
		};
/* End XCBuildConfiguration section */

/* Begin XCConfigurationList section */
		1DEB927808733DD40010E9CD /* Build configuration list for PBXProject "StoryAccepter" */ = {
			isa = XCConfigurationList;
			buildConfigurations = (
				1DEB927908733DD40010E9CD /* Debug */,
				1DEB927A08733DD40010E9CD /* Release */,
			);
			defaultConfigurationIsVisible = 0;
			defaultConfigurationName = Release;
		};
		AE9C156711B5A2A1007BE2ED /* Build configuration list for PBXNativeTarget "DomainSpec" */ = {
			isa = XCConfigurationList;
			buildConfigurations = (
				AE9C156311B5A286007BE2ED /* Debug */,
				AE9C156411B5A286007BE2ED /* Release */,
			);
			defaultConfigurationIsVisible = 0;
			defaultConfigurationName = Release;
		};
		AE9C162911B5A755007BE2ED /* Build configuration list for PBXNativeTarget "Domain" */ = {
			isa = XCConfigurationList;
			buildConfigurations = (
				AE9C162311B5A747007BE2ED /* Debug */,
				AE9C162411B5A747007BE2ED /* Release */,
			);
			defaultConfigurationIsVisible = 0;
			defaultConfigurationName = Release;
		};
		AE9C163311B5A77C007BE2ED /* Build configuration list for PBXNativeTarget "StoryAccepter" */ = {
			isa = XCConfigurationList;
			buildConfigurations = (
				AE9C163111B5A77C007BE2ED /* Debug */,
				AE9C163211B5A77C007BE2ED /* Release */,
			);
			defaultConfigurationIsVisible = 0;
			defaultConfigurationName = Release;
		};
		AED41D3211B84C87006DBB00 /* Build configuration list for PBXNativeTarget "StoryAccepterSpec" */ = {
			isa = XCConfigurationList;
			buildConfigurations = (
				AED41D3011B84C87006DBB00 /* Debug */,
				AED41D3111B84C87006DBB00 /* Release */,
			);
			defaultConfigurationIsVisible = 0;
			defaultConfigurationName = Release;
		};
/* End XCConfigurationList section */
	};
	rootObject = 08FB7793FE84155DC02AAC07 /* Project object */;
}
